{
	"name": "liana",
	"version": "0.1.49",
	"lockfileVersion": 3,
	"requires": true,
	"packages": {
		"": {
			"name": "liana",
			"version": "0.1.49",
			"hasInstallScript": true,
			"license": "Apache-2.0",
			"dependencies": {
				"astn-core": "^0.5.158",
				"liana-authoring": "^0.1.75",
				"pareto-resource-filesystem-unrestricted": "^0.1.4",
				"typescript": "^6.0.3"
			},
			"devDependencies": {
				"esbuild": "^0.28.1"
			},
			"engines": {
				"vscode": "^1.75.0"
			}
		},
		"node_modules/@esbuild/aix-ppc64": {
			"version": "0.28.2",
			"resolved": "https://registry.npmjs.org/@esbuild/aix-ppc64/-/aix-ppc64-0.28.2.tgz",
			"integrity": "sha512-XExcO+dvLKvVtNTibSTBej1NCAbaGhWn9Ww1ZPx80qsahhPFe/8jgWP0IchNe0F3HwkU7n8ejhH8bjonqht8mQ==",
			"cpu": [
				"ppc64"
			],
			"dev": true,
			"license": "MIT",
			"optional": true,
			"os": [
				"aix"
			],
			"engines": {
				"node": ">=18"
			}
		},
		"node_modules/@esbuild/android-arm": {
			"version": "0.28.2",
			"resolved": "https://registry.npmjs.org/@esbuild/android-arm/-/android-arm-0.28.2.tgz",
			"integrity": "sha512-kXXoiPVVGQcnIYGOeaovwOURpniDBpSq4A03qkQ+BMQqtGG6HYap3xne9C1O1yo4TR3qxlCX5IqqmX6fFo2Lqg==",
			"cpu": [
				"arm"
			],
			"dev": true,
			"license": "MIT",
			"optional": true,
			"os": [
				"android"
			],
			"engines": {
				"node": ">=18"
			}
		},
		"node_modules/@esbuild/android-arm64": {
			"version": "0.28.2",
			"resolved": "https://registry.npmjs.org/@esbuild/android-arm64/-/android-arm64-0.28.2.tgz",
			"integrity": "sha512-5YfKeeI8qWfBZIX+u2xZC3Zlb3Os/gLS2sbEKM+I4ZOcsWmHS2WLysCcQZDAFRslDUU5Oiq44gf6PYN1vGwG5A==",
			"cpu": [
				"arm64"
			],
			"dev": true,
			"license": "MIT",
			"optional": true,
			"os": [
				"android"
			],
			"engines": {
				"node": ">=18"
			}
		},
		"node_modules/@esbuild/android-x64": {
			"version": "0.28.2",
			"resolved": "https://registry.npmjs.org/@esbuild/android-x64/-/android-x64-0.28.2.tgz",
			"integrity": "sha512-O387ite7SzUyCcy3JQX4P4bLtEA7bLLkx+esve5JHnyYfNTxcVpXZo9jhdB0lTKN44gztELTdU7nS8Nr16Fs1Q==",
			"cpu": [
				"x64"
			],
			"dev": true,
			"license": "MIT",
			"optional": true,
			"os": [
				"android"
			],
			"engines": {
				"node": ">=18"
			}
		},
		"node_modules/@esbuild/darwin-arm64": {
			"version": "0.28.2",
			"resolved": "https://registry.npmjs.org/@esbuild/darwin-arm64/-/darwin-arm64-0.28.2.tgz",
			"integrity": "sha512-n4KqkOQrraxHJcgjM1RvwbigfQKIKJVpM7xp+KsxiyUSrRdIXnt73VhrPAx0fV44hgfmIVKjxMN9J1t5jySVkw==",
			"cpu": [
				"arm64"
			],
			"dev": true,
			"license": "MIT",
			"optional": true,
			"os": [
				"darwin"
			],
			"engines": {
				"node": ">=18"
			}
		},
		"node_modules/@esbuild/darwin-x64": {
			"version": "0.28.2",
			"resolved": "https://registry.npmjs.org/@esbuild/darwin-x64/-/darwin-x64-0.28.2.tgz",
			"integrity": "sha512-uq6suIWYP37qzGddBKPw5QEQPi6HiLGsO7UmkpfyaYNQ3D+rN6w6WfwH+nuqcGXWvawGwxOEroO4YGnFh95azw==",
			"cpu": [
				"x64"
			],
			"dev": true,
			"license": "MIT",
			"optional": true,
			"os": [
				"darwin"
			],
			"engines": {
				"node": ">=18"
			}
		},
		"node_modules/@esbuild/freebsd-arm64": {
			"version": "0.28.2",
			"resolved": "https://registry.npmjs.org/@esbuild/freebsd-arm64/-/freebsd-arm64-0.28.2.tgz",
			"integrity": "sha512-n+I0BTSRIoy+d6RPKnEVwql5UwBJolytvY4mAOIEJorKlqgPII8ix6slVVrfZ5Tnj7glIZvloylbB/EJPMWEXw==",
			"cpu": [
				"arm64"
			],
			"dev": true,
			"license": "MIT",
			"optional": true,
			"os": [
				"freebsd"
			],
			"engines": {
				"node": ">=18"
			}
		},
		"node_modules/@esbuild/freebsd-x64": {
			"version": "0.28.2",
			"resolved": "https://registry.npmjs.org/@esbuild/freebsd-x64/-/freebsd-x64-0.28.2.tgz",
			"integrity": "sha512-78XJTJkvPs0kz2w61301PJjXl4g7q3JqiYMZ/M/yVI73EHBrCRTgkhu9oqG7vPqq+a/yadEW8aD+agKlk5xrmg==",
			"cpu": [
				"x64"
			],
			"dev": true,
			"license": "MIT",
			"optional": true,
			"os": [
				"freebsd"
			],
			"engines": {
				"node": ">=18"
			}
		},
		"node_modules/@esbuild/linux-arm": {
			"version": "0.28.2",
			"resolved": "https://registry.npmjs.org/@esbuild/linux-arm/-/linux-arm-0.28.2.tgz",
			"integrity": "sha512-XlDnu2q5yoqems+xay6wSAcg9DDD7K9RLKZEBOMZm3ckNpJBvOX20tSfby8KfrrhINDyv9V2YVZKY/SpoGJI8w==",
			"cpu": [
				"arm"
			],
			"dev": true,
			"license": "MIT",
			"optional": true,
			"os": [
				"linux"
			],
			"engines": {
				"node": ">=18"
			}
		},
		"node_modules/@esbuild/linux-arm64": {
			"version": "0.28.2",
			"resolved": "https://registry.npmjs.org/@esbuild/linux-arm64/-/linux-arm64-0.28.2.tgz",
			"integrity": "sha512-pW4AC0P3it8c7do9MVM4p51FzHzdM/TZrerurgRcHJ2WTa1VQ1CIq18xncfpBJw4ojkiZZrKW2yIBWBP92j6Ug==",
			"cpu": [
				"arm64"
			],
			"dev": true,
			"license": "MIT",
			"optional": true,
			"os": [
				"linux"
			],
			"engines": {
				"node": ">=18"
			}
		},
		"node_modules/@esbuild/linux-ia32": {
			"version": "0.28.2",
			"resolved": "https://registry.npmjs.org/@esbuild/linux-ia32/-/linux-ia32-0.28.2.tgz",
			"integrity": "sha512-CYbnj78HsIeA+DhgUKgFCfvNsTHFhMMrinUrMZpDXJXKN8T3XViTZ/+wtHeVxEWY8ewSzTFN+nRmSwO2tZaLUQ==",
			"cpu": [
				"ia32"
			],
			"dev": true,
			"license": "MIT",
			"optional": true,
			"os": [
				"linux"
			],
			"engines": {
				"node": ">=18"
			}
		},
		"node_modules/@esbuild/linux-loong64": {
			"version": "0.28.2",
			"resolved": "https://registry.npmjs.org/@esbuild/linux-loong64/-/linux-loong64-0.28.2.tgz",
			"integrity": "sha512-buwkd8nsph4R+ajRvw0qM5Hja/TXQow3ptzWO2EbG/cqcIkHloRrdlBtQlshyYGTNFvfkfJ5tpPLVkY4DtsPfQ==",
			"cpu": [
				"loong64"
			],
			"dev": true,
			"license": "MIT",
			"optional": true,
			"os": [
				"linux"
			],
			"engines": {
				"node": ">=18"
			}
		},
		"node_modules/@esbuild/linux-mips64el": {
			"version": "0.28.2",
			"resolved": "https://registry.npmjs.org/@esbuild/linux-mips64el/-/linux-mips64el-0.28.2.tgz",
			"integrity": "sha512-ZVykbDyk7519VwiNb9Lcj9m8XM6v5V9uKPvrEMkkEedVewf+0itkhahp4HDpgERXhwLRpWFypsGbG/J8s0QjJA==",
			"cpu": [
				"mips64el"
			],
			"dev": true,
			"license": "MIT",
			"optional": true,
			"os": [
				"linux"
			],
			"engines": {
				"node": ">=18"
			}
		},
		"node_modules/@esbuild/linux-ppc64": {
			"version": "0.28.2",
			"resolved": "https://registry.npmjs.org/@esbuild/linux-ppc64/-/linux-ppc64-0.28.2.tgz",
			"integrity": "sha512-CAXl+Dtd9UUuJd8pKKdwh6MLm3MUMiqMPmhZ3tTSXPqfyQ3vDl6R5hZdZ/kYojK4ofXtdfSv1tFq8XzWx3heNQ==",
			"cpu": [
				"ppc64"
			],
			"dev": true,
			"license": "MIT",
			"optional": true,
			"os": [
				"linux"
			],
			"engines": {
				"node": ">=18"
			}
		},
		"node_modules/@esbuild/linux-riscv64": {
			"version": "0.28.2",
			"resolved": "https://registry.npmjs.org/@esbuild/linux-riscv64/-/linux-riscv64-0.28.2.tgz",
			"integrity": "sha512-GeXCej4IQtU1B+QlDV8W/RRvbzI3O/Stss+/bCXv4lZls5WGRtu2a+3JkA3i4qIUlMXpcHebWpF8AkJhATowuA==",
			"cpu": [
				"riscv64"
			],
			"dev": true,
			"license": "MIT",
			"optional": true,
			"os": [
				"linux"
			],
			"engines": {
				"node": ">=18"
			}
		},
		"node_modules/@esbuild/linux-s390x": {
			"version": "0.28.2",
			"resolved": "https://registry.npmjs.org/@esbuild/linux-s390x/-/linux-s390x-0.28.2.tgz",
			"integrity": "sha512-3H1weTYZPxt/WOhByszQZybS9w5lKzUn1FDMsgEChbHWQwHYQQRfBxgCcZvPhjHfKyJjIievvMmEUawJrdY9Dg==",
			"cpu": [
				"s390x"
			],
			"dev": true,
			"license": "MIT",
			"optional": true,
			"os": [
				"linux"
			],
			"engines": {
				"node": ">=18"
			}
		},
		"node_modules/@esbuild/linux-x64": {
			"version": "0.28.2",
			"resolved": "https://registry.npmjs.org/@esbuild/linux-x64/-/linux-x64-0.28.2.tgz",
			"integrity": "sha512-4xTZr1FUmSoQW4XIWmit3tzQrUTZM+N3P0XV8xROKYF50XfI7xeO90+1bZvNwxIufQ9hDQVRJH5YhgPVF8A/HQ==",
			"cpu": [
				"x64"
			],
			"dev": true,
			"license": "MIT",
			"optional": true,
			"os": [
				"linux"
			],
			"engines": {
				"node": ">=18"
			}
		},
		"node_modules/@esbuild/netbsd-arm64": {
			"version": "0.28.2",
			"resolved": "https://registry.npmjs.org/@esbuild/netbsd-arm64/-/netbsd-arm64-0.28.2.tgz",
			"integrity": "sha512-sSATRjPeDBg3pdgHoQfoYBob11Kk1FGa9lui5RIHZCoCkJa9QKlvl3/vKz2usCmYYjs7ymJR/2Nnsqe+Hjt5nw==",
			"cpu": [
				"arm64"
			],
			"dev": true,
			"license": "MIT",
			"optional": true,
			"os": [
				"netbsd"
			],
			"engines": {
				"node": ">=18"
			}
		},
		"node_modules/@esbuild/netbsd-x64": {
			"version": "0.28.2",
			"resolved": "https://registry.npmjs.org/@esbuild/netbsd-x64/-/netbsd-x64-0.28.2.tgz",
			"integrity": "sha512-lqnzCV+mM0gIADaKihiCg6ifgfU2L3h5E33rNQBN1Y4MaVGnzryzmvvf7UHxprpQdE8hpqLolJ9Rl+SkIRDpyw==",
			"cpu": [
				"x64"
			],
			"dev": true,
			"license": "MIT",
			"optional": true,
			"os": [
				"netbsd"
			],
			"engines": {
				"node": ">=18"
			}
		},
		"node_modules/@esbuild/openbsd-arm64": {
			"version": "0.28.2",
			"resolved": "https://registry.npmjs.org/@esbuild/openbsd-arm64/-/openbsd-arm64-0.28.2.tgz",
			"integrity": "sha512-AL2qJILH7lNjrDmCQDvdxMfAUIv8KMNZOvrwAQ8i8//ntL9FflhOyMJ8OZSMBb8/AWXe3/5v5S20y3zCoZWKoQ==",
			"cpu": [
				"arm64"
			],
			"dev": true,
			"license": "MIT",
			"optional": true,
			"os": [
				"openbsd"
			],
			"engines": {
				"node": ">=18"
			}
		},
		"node_modules/@esbuild/openbsd-x64": {
			"version": "0.28.2",
			"resolved": "https://registry.npmjs.org/@esbuild/openbsd-x64/-/openbsd-x64-0.28.2.tgz",
			"integrity": "sha512-QtiuPytchRyC4rwUKhexJdQKvDuZ6hWloi3igqPQNUJCS1/v9EiO3UTOXR6A3FoMo4fnAKbWJdqaIwhOzh8qEw==",
			"cpu": [
				"x64"
			],
			"dev": true,
			"license": "MIT",
			"optional": true,
			"os": [
				"openbsd"
			],
			"engines": {
				"node": ">=18"
			}
		},
		"node_modules/@esbuild/openharmony-arm64": {
			"version": "0.28.2",
			"resolved": "https://registry.npmjs.org/@esbuild/openharmony-arm64/-/openharmony-arm64-0.28.2.tgz",
			"integrity": "sha512-WkhYDmpTjLvGlScA1rwjRUmhl4k8oXR3cIbtqWmELgU/dFeHHlEllxDvdWcNJV9rbzCexB5vz8gtNewWLgCT7Q==",
			"cpu": [
				"arm64"
			],
			"dev": true,
			"license": "MIT",
			"optional": true,
			"os": [
				"openharmony"
			],
			"engines": {
				"node": ">=18"
			}
		},
		"node_modules/@esbuild/sunos-x64": {
			"version": "0.28.2",
			"resolved": "https://registry.npmjs.org/@esbuild/sunos-x64/-/sunos-x64-0.28.2.tgz",
			"integrity": "sha512-GPMSkTOtMnv2U2F8gxe4Io6qmVs+YKyp832Etqqxr0hFngmXQ3rzwytelm3GIn7T4VviRUlf3sOgBOiTdvaf7g==",
			"cpu": [
				"x64"
			],
			"dev": true,
			"license": "MIT",
			"optional": true,
			"os": [
				"sunos"
			],
			"engines": {
				"node": ">=18"
			}
		},
		"node_modules/@esbuild/win32-arm64": {
			"version": "0.28.2",
			"resolved": "https://registry.npmjs.org/@esbuild/win32-arm64/-/win32-arm64-0.28.2.tgz",
			"integrity": "sha512-PIhhEkE9uPBleRBrQEJpUn7MBnibZzbGzYWPmY3x+YoVg/95zbjB4CxPPOQ8l5tYYM4mMaCthF8/1DIfBQQyWQ==",
			"cpu": [
				"arm64"
			],
			"dev": true,
			"license": "MIT",
			"optional": true,
			"os": [
				"win32"
			],
			"engines": {
				"node": ">=18"
			}
		},
		"node_modules/@esbuild/win32-ia32": {
			"version": "0.28.2",
			"resolved": "https://registry.npmjs.org/@esbuild/win32-ia32/-/win32-ia32-0.28.2.tgz",
			"integrity": "sha512-YmJbfTlvU7Sdn9BB+4PRES4oB6pxgS37MAONj+hBr/cpXS1aBPKXxNnDbu+QCWPj0o9dgyxeq79g6c5P8KeuYA==",
			"cpu": [
				"ia32"
			],
			"dev": true,
			"license": "MIT",
			"optional": true,
			"os": [
				"win32"
			],
			"engines": {
				"node": ">=18"
			}
		},
		"node_modules/@esbuild/win32-x64": {
			"version": "0.28.2",
			"resolved": "https://registry.npmjs.org/@esbuild/win32-x64/-/win32-x64-0.28.2.tgz",
			"integrity": "sha512-5ebpxr3nWMzrL/rnUI755Jkuee0bHL/Gq0WTF9lvcpv73wAp5eu8MfBUgWK9bhWvZjj7yX8etf/8tI8Ney695g==",
			"cpu": [
				"x64"
			],
			"dev": true,
			"license": "MIT",
			"optional": true,
			"os": [
				"win32"
			],
			"engines": {
				"node": ">=18"
			}
		},
		"node_modules/astn": {
			"version": "0.113.110",
			"resolved": "https://registry.npmjs.org/astn/-/astn-0.113.110.tgz",
			"integrity": "sha512-OgnIYPg4SyYa6MPixId6xSmFzJNx+ZebgW0EkgeZO8yZK63DIwomqH2ZUR8V0ZzWckEl2mH6py94vdXGUNWi2g==",
			"license": "Apache-2.0",
			"dependencies": {
				"astn-core": "^0.5.0",
				"liana-core": "^0.1.0",
				"pareto-application-api": "^0.1.0",
				"pareto-common": "^0.1.0",
				"pareto-core": "^0.1.0",
				"pareto-filesystem-unrestricted-api": "^0.1.0",
				"pareto-fountain-pen": "^0.4.0",
				"pareto-json": "^0.3.0",
				"pareto-stream-api": "^0.1.0"
			},
			"engines": {
				"node": ">=14.0.0"
			}
		},
		"node_modules/astn-core": {
			"version": "0.5.158",
			"resolved": "https://registry.npmjs.org/astn-core/-/astn-core-0.5.158.tgz",
			"integrity": "sha512-xrf02JQBjEXALguyw3O1L/z+AiFWhqeIZ5dIWrnv9hwyLl08IJoC6JrALm7CsYVr2EuUI5K2bGTB3SeDUt+B6g==",
			"license": "Apache-2.0",
			"dependencies": {
				"pareto-core": "^0.1.319",
				"pareto-fountain-pen": "^0.4.0"
			}
		},
		"node_modules/esbuild": {
			"version": "0.28.2",
			"resolved": "https://registry.npmjs.org/esbuild/-/esbuild-0.28.2.tgz",
			"integrity": "sha512-HKVLS8dvII+xoKW9kmqxbRKrnWEXfJJr/FZhhJmiqIB0e053QNYFqOBouTMO/k5sID4MvCiUCvv8b9M4h32wIA==",
			"dev": true,
			"hasInstallScript": true,
			"license": "MIT",
			"bin": {
				"esbuild": "bin/esbuild"
			},
			"engines": {
				"node": ">=18"
			},
			"optionalDependencies": {
				"@esbuild/aix-ppc64": "0.28.2",
				"@esbuild/android-arm": "0.28.2",
				"@esbuild/android-arm64": "0.28.2",
				"@esbuild/android-x64": "0.28.2",
				"@esbuild/darwin-arm64": "0.28.2",
				"@esbuild/darwin-x64": "0.28.2",
				"@esbuild/freebsd-arm64": "0.28.2",
				"@esbuild/freebsd-x64": "0.28.2",
				"@esbuild/linux-arm": "0.28.2",
				"@esbuild/linux-arm64": "0.28.2",
				"@esbuild/linux-ia32": "0.28.2",
				"@esbuild/linux-loong64": "0.28.2",
				"@esbuild/linux-mips64el": "0.28.2",
				"@esbuild/linux-ppc64": "0.28.2",
				"@esbuild/linux-riscv64": "0.28.2",
				"@esbuild/linux-s390x": "0.28.2",
				"@esbuild/linux-x64": "0.28.2",
				"@esbuild/netbsd-arm64": "0.28.2",
				"@esbuild/netbsd-x64": "0.28.2",
				"@esbuild/openbsd-arm64": "0.28.2",
				"@esbuild/openbsd-x64": "0.28.2",
				"@esbuild/openharmony-arm64": "0.28.2",
				"@esbuild/sunos-x64": "0.28.2",
				"@esbuild/win32-arm64": "0.28.2",
				"@esbuild/win32-ia32": "0.28.2",
				"@esbuild/win32-x64": "0.28.2"
			}
		},
		"node_modules/liana-authoring": {
			"version": "0.1.91",
			"resolved": "https://registry.npmjs.org/liana-authoring/-/liana-authoring-0.1.91.tgz",
			"integrity": "sha512-6yZeck3urCLEogV2sRsT36z3enS8Z6LSnks5v1zyBPPwE/jOh9frMzpwsw3lTiZEH4l1BxVoYqnmtOV/0kmFvA==",
			"license": "Apache-2.0",
			"dependencies": {
				"astn": "^0.113.0",
				"astn-core": "^0.5.0",
				"liana-core": "^0.1.0",
				"pareto-application-api": "^0.1.0",
				"pareto-common": "^0.1.0",
				"pareto-core": "^0.1.0",
				"pareto-core-dev": "^0.12.0",
				"pareto-filesystem-unrestricted-api": "^0.1.0",
				"pareto-fountain-pen": "^0.4.0",
				"pareto-json": "^0.3.0",
				"pareto-liana": "^0.1.0",
				"pareto-stream-api": "^0.1.0"
			},
			"engines": {
				"node": ">=14.0.0"
			}
		},
		"node_modules/liana-core": {
			"version": "0.1.60",
			"resolved": "https://registry.npmjs.org/liana-core/-/liana-core-0.1.60.tgz",
			"integrity": "sha512-lF7wzu11sbNiX5GfXYGZRdy09uDFM7hTW+90rlynpJsgNksU93FyDSaglQf0nsn3cLg9/5UmJEEvZ3Mgo+L7RQ==",
			"license": "Apache-2.0",
			"dependencies": {
				"astn-core": "^0.5.0",
				"pareto-core": "^0.1.0",
				"pareto-fountain-pen": "^0.4.0"
			}
		},
		"node_modules/pareto-application-api": {
			"version": "0.1.9",
			"resolved": "https://registry.npmjs.org/pareto-application-api/-/pareto-application-api-0.1.9.tgz",
			"integrity": "sha512-RP6luiJ1wIgfymy42oC91lMYlPZ90j2wlDjfBMYnF5Ttkxc7ppI0qtEozYSQvB2FA6d3FEudum2EOF+feECQQQ==",
			"license": "Apache-2.0",
			"dependencies": {
				"pareto-core": "^0.1.0"
			}
		},
		"node_modules/pareto-common": {
			"version": "0.1.67",
			"resolved": "https://registry.npmjs.org/pareto-common/-/pareto-common-0.1.67.tgz",
			"integrity": "sha512-Q81Hf4g73aViVrz/4SOgs4LpT+EqRSotFKgyLI9DGHPK4NaJLPYRMlsfX4FLZSdR4IlzHwMsWceOK7DcfhIPBg==",
			"license": "Apache-2.0",
			"dependencies": {
				"pareto-application-api": "^0.1.0",
				"pareto-core": "^0.1.0",
				"pareto-filesystem-unrestricted-api": "^0.1.0",
				"pareto-fountain-pen": "^0.4.0",
				"pareto-stream-api": "^0.1.0"
			},
			"engines": {
				"node": ">=14.0.0"
			}
		},
		"node_modules/pareto-core": {
			"version": "0.1.320",
			"resolved": "https://registry.npmjs.org/pareto-core/-/pareto-core-0.1.320.tgz",
			"integrity": "sha512-AlYojj4Kd3+SlSlkMeJuK162t1F4Z4rvK6ALr86/sOkEzILAgj8FmWQOFod/Cu/dSmZWsHTMi2iJw8PaJK3gSA==",
			"license": "Apache-2.0"
		},
		"node_modules/pareto-core-dev": {
			"version": "0.12.25",
			"resolved": "https://registry.npmjs.org/pareto-core-dev/-/pareto-core-dev-0.12.25.tgz",
			"integrity": "sha512-uHoN4nh9z1YsqkSA3vlsd6uSe1b237aXhmbRKGvX/gAd/s058/8Vb58526mqs9vWgaiF7u5JoPbFEYCbV1zFhw==",
			"license": "Apache-2.0",
			"dependencies": {
				"pareto-core": "^0.1.0"
			}
		},
		"node_modules/pareto-core-shorthands": {
			"version": "0.2.62",
			"resolved": "https://registry.npmjs.org/pareto-core-shorthands/-/pareto-core-shorthands-0.2.62.tgz",
			"integrity": "sha512-/SJvh+7MYb3XXZOwnO6OrdeSYQwRzT8iyeWGBReOqYZSr70OFQswA+IJdhE9imNtVn0oG5SuVmVLS9ZM97sbHQ==",
			"license": "Apache-2.0",
			"dependencies": {
				"pareto-core": "^0.1.0"
			}
		},
		"node_modules/pareto-filesystem-unrestricted-api": {
			"version": "0.1.36",
			"resolved": "https://registry.npmjs.org/pareto-filesystem-unrestricted-api/-/pareto-filesystem-unrestricted-api-0.1.36.tgz",
			"integrity": "sha512-zfG3gLbfB4muiovkVvXvE/rDwu/M2Fr/uw/qBsJC22IdxrXGOvDOB6WT6mrKNNxBxEuuO33bA+3x/kgLC+2EaA==",
			"license": "Apache-2.0",
			"dependencies": {
				"pareto-core": "^0.1.0",
				"pareto-fountain-pen": "^0.4.0"
			}
		},
		"node_modules/pareto-fountain-pen": {
			"version": "0.4.118",
			"resolved": "https://registry.npmjs.org/pareto-fountain-pen/-/pareto-fountain-pen-0.4.118.tgz",
			"integrity": "sha512-BeKeeph2nQnbvXuHxRVyB1a8ie3twKyVIV1pJL6R5kisISk1HJCt8cv3SMcKUAAzUHDjdGd5EJFgQKp33Jp4/w==",
			"license": "Apache-2.0",
			"dependencies": {
				"pareto-core": "^0.1.0",
				"pareto-core-shorthands": "^0.2.0"
			},
			"engines": {
				"node": ">=14.0.0"
			}
		},
		"node_modules/pareto-json": {
			"version": "0.3.107",
			"resolved": "https://registry.npmjs.org/pareto-json/-/pareto-json-0.3.107.tgz",
			"integrity": "sha512-a+8WrPrlp6MNVe2+WOUFET7/i9URAoMJOnZDcoDQgw+QmhfYhbWt0Tc8stPNHSeIKz8RGQG+6eJk2t51IVSXIQ==",
			"license": "Apache-2.0",
			"dependencies": {
				"astn-core": "^0.5.0",
				"pareto-core": "^0.1.0",
				"pareto-core-shorthands": "^0.2.0",
				"pareto-fountain-pen": "^0.4.0"
			},
			"engines": {
				"node": ">=14.0.0"
			}
		},
		"node_modules/pareto-liana": {
			"version": "0.1.80",
			"resolved": "https://registry.npmjs.org/pareto-liana/-/pareto-liana-0.1.80.tgz",
			"integrity": "sha512-5eTlo9S143xU2TmbgwzHqeqoq0MNChPc3VlLOelLAb5hHTOs3MY0jtnGRqYIsUuoEubpqV1USkqVIFIiIBObag==",
			"license": "Apache-2.0",
			"dependencies": {
				"liana-core": "^0.1.0",
				"pareto-application-api": "^0.1.0",
				"pareto-core": "^0.1.0",
				"pareto-core-dev": "^0.12.0",
				"pareto-core-shorthands": "^0.2.0",
				"pareto-filesystem-unrestricted-api": "^0.1.0",
				"pareto-fountain-pen": "^0.4.0",
				"pareto-stream-api": "^0.1.0"
			}
		},
		"node_modules/pareto-resource-filesystem-unrestricted": {
			"version": "0.1.18",
			"resolved": "https://registry.npmjs.org/pareto-resource-filesystem-unrestricted/-/pareto-resource-filesystem-unrestricted-0.1.18.tgz",
			"integrity": "sha512-dIxRjkw8DE7kGoveP6CIv3fbJhrLV63hYTlUYaM6NvBymtjpPR1BowQPqNukBox5Hp9ro8DqS5EHYfaW5hqMZQ==",
			"license": "Apache-2.0",
			"dependencies": {
				"pareto-core": "^0.1.0",
				"pareto-filesystem-unrestricted-api": "^0.1.0"
			},
			"engines": {
				"node": ">=14.0.0"
			}
		},
		"node_modules/pareto-stream-api": {
			"version": "0.1.39",
			"resolved": "https://registry.npmjs.org/pareto-stream-api/-/pareto-stream-api-0.1.39.tgz",
			"integrity": "sha512-8dlFhM03ggNJjb2ZD7kX3bXfzEhJUYvErLJe/Uijh9y5eqWQGLAYF9A0IaMEqn65aXDJiFkLeBsOcTQGQ7enIg==",
			"license": "Apache-2.0",
			"dependencies": {
				"pareto-core": "^0.1.0"
			}
		},
		"node_modules/typescript": {
			"version": "6.0.3",
			"resolved": "https://registry.npmjs.org/typescript/-/typescript-6.0.3.tgz",
			"integrity": "sha512-y2TvuxSZPDyQakkFRPZHKFm+KKVqIisdg9/CZwm9ftvKXLP8NRWj38/ODjNbr43SsoXqNuAisEf1GdCxqWcdBw==",
			"license": "Apache-2.0",
			"bin": {
				"tsc": "bin/tsc",
				"tsserver": "bin/tsserver"
			},
			"engines": {
				"node": ">=14.17"
			}
		}
	}
}
