{
	"name": "liana",
	"version": "0.1.39",
	"lockfileVersion": 3,
	"requires": true,
	"packages": {
		"": {
			"name": "liana",
			"version": "0.1.39",
			"hasInstallScript": true,
			"license": "Apache-2.0",
			"dependencies": {
				"liana-authoring": "^0.1.65",
				"pareto-host-nodejs": "^0.2.0",
				"typescript": "^6.0.3"
			},
			"devDependencies": {
				"esbuild": "^0.28.1"
			},
			"engines": {
				"vscode": "^1.75.0"
			}
		},
		"node_modules/@esbuild/aix-ppc64": {
			"version": "0.28.1",
			"resolved": "https://registry.npmjs.org/@esbuild/aix-ppc64/-/aix-ppc64-0.28.1.tgz",
			"integrity": "sha512-Svl7tq8k/08+p6CXPpRjQ1fKX+1odH/BQbb48fV6fj3CWHhsoIOoY87w1oHXm0qEpkIK3ZfVgp0hed3XBXzXMQ==",
			"cpu": [
				"ppc64"
			],
			"dev": true,
			"license": "MIT",
			"optional": true,
			"os": [
				"aix"
			],
			"engines": {
				"node": ">=18"
			}
		},
		"node_modules/@esbuild/android-arm": {
			"version": "0.28.1",
			"resolved": "https://registry.npmjs.org/@esbuild/android-arm/-/android-arm-0.28.1.tgz",
			"integrity": "sha512-0k2F129Xdio1TdJfzJ8sy1Q47vUD2NnwdhiAf7drUN1EBTfPf4hsFCtmMgu/6m8JSzsBrlmVjudMBQqOfG8usQ==",
			"cpu": [
				"arm"
			],
			"dev": true,
			"license": "MIT",
			"optional": true,
			"os": [
				"android"
			],
			"engines": {
				"node": ">=18"
			}
		},
		"node_modules/@esbuild/android-arm64": {
			"version": "0.28.1",
			"resolved": "https://registry.npmjs.org/@esbuild/android-arm64/-/android-arm64-0.28.1.tgz",
			"integrity": "sha512-34EGEbCIAgosYz6goLcopX6Mo7NyGv9tfwEM2/7Ce2VcVRk568iSvniGWcUXIy7wEDR1wzolcxcriFVrWYcwBg==",
			"cpu": [
				"arm64"
			],
			"dev": true,
			"license": "MIT",
			"optional": true,
			"os": [
				"android"
			],
			"engines": {
				"node": ">=18"
			}
		},
		"node_modules/@esbuild/android-x64": {
			"version": "0.28.1",
			"resolved": "https://registry.npmjs.org/@esbuild/android-x64/-/android-x64-0.28.1.tgz",
			"integrity": "sha512-dbwY7ltSMDWsRatcRpCnES4F+im88OCUgGZjy52shC7GqHRE/cYlxNbB4Z4UpJswpcc4Qxd2oE/ufM0p61IKng==",
			"cpu": [
				"x64"
			],
			"dev": true,
			"license": "MIT",
			"optional": true,
			"os": [
				"android"
			],
			"engines": {
				"node": ">=18"
			}
		},
		"node_modules/@esbuild/darwin-arm64": {
			"version": "0.28.1",
			"resolved": "https://registry.npmjs.org/@esbuild/darwin-arm64/-/darwin-arm64-0.28.1.tgz",
			"integrity": "sha512-TZbWkQY7kvTAXbXUT7uVACR5cMHsDiSz9z7ZKAX/RTq/WJEk3QyRr0wZpNhBDX+/0CtdqUIJlOiodQcta6tY3Q==",
			"cpu": [
				"arm64"
			],
			"dev": true,
			"license": "MIT",
			"optional": true,
			"os": [
				"darwin"
			],
			"engines": {
				"node": ">=18"
			}
		},
		"node_modules/@esbuild/darwin-x64": {
			"version": "0.28.1",
			"resolved": "https://registry.npmjs.org/@esbuild/darwin-x64/-/darwin-x64-0.28.1.tgz",
			"integrity": "sha512-zfdzgK9ACBNZLI/CyHTOx81SyNbM6YXn7rxSgX97VjyiPl9W1i4Ka4fgKECEoFCKGpvBj5qArWIGgQjOwkgskQ==",
			"cpu": [
				"x64"
			],
			"dev": true,
			"license": "MIT",
			"optional": true,
			"os": [
				"darwin"
			],
			"engines": {
				"node": ">=18"
			}
		},
		"node_modules/@esbuild/freebsd-arm64": {
			"version": "0.28.1",
			"resolved": "https://registry.npmjs.org/@esbuild/freebsd-arm64/-/freebsd-arm64-0.28.1.tgz",
			"integrity": "sha512-wG2EA8ENdEI0qhkSZMjfqrdY+ziCYCPMmtZjjIwOmXFjmyzEHn+UUxk5of+SYsjtfs3VpnlC7QLzSI5hY/rOAw==",
			"cpu": [
				"arm64"
			],
			"dev": true,
			"license": "MIT",
			"optional": true,
			"os": [
				"freebsd"
			],
			"engines": {
				"node": ">=18"
			}
		},
		"node_modules/@esbuild/freebsd-x64": {
			"version": "0.28.1",
			"resolved": "https://registry.npmjs.org/@esbuild/freebsd-x64/-/freebsd-x64-0.28.1.tgz",
			"integrity": "sha512-i7dZ9vQgnvSCzi/rYCXNgtF/U+eKZNJBzu3eTQbRgHnM7tNSizLOkRFAl3qzVc/Op/u5YkHHa4pf/3DOYHthLQ==",
			"cpu": [
				"x64"
			],
			"dev": true,
			"license": "MIT",
			"optional": true,
			"os": [
				"freebsd"
			],
			"engines": {
				"node": ">=18"
			}
		},
		"node_modules/@esbuild/linux-arm": {
			"version": "0.28.1",
			"resolved": "https://registry.npmjs.org/@esbuild/linux-arm/-/linux-arm-0.28.1.tgz",
			"integrity": "sha512-qVXBOHQS+d5Y722GwJzJUtOLlX7km3CraOaGormF1pDtPd2C/l1SHRPgjLunLGe51Sh5YYWKMFDyV4SxgMQYTQ==",
			"cpu": [
				"arm"
			],
			"dev": true,
			"license": "MIT",
			"optional": true,
			"os": [
				"linux"
			],
			"engines": {
				"node": ">=18"
			}
		},
		"node_modules/@esbuild/linux-arm64": {
			"version": "0.28.1",
			"resolved": "https://registry.npmjs.org/@esbuild/linux-arm64/-/linux-arm64-0.28.1.tgz",
			"integrity": "sha512-yHs+0uc8+nvEAfAfxrWQKK5peSNzBc4PegcMO0EJ2hT71uA7vB8Ihg2e77R2P7SG5uYjPbHlLLmve4LLLRCf0g==",
			"cpu": [
				"arm64"
			],
			"dev": true,
			"license": "MIT",
			"optional": true,
			"os": [
				"linux"
			],
			"engines": {
				"node": ">=18"
			}
		},
		"node_modules/@esbuild/linux-ia32": {
			"version": "0.28.1",
			"resolved": "https://registry.npmjs.org/@esbuild/linux-ia32/-/linux-ia32-0.28.1.tgz",
			"integrity": "sha512-d1z4ZuP0ajrfz/FhGT4vv278rX8KnPPJx8i5+AtK7TYbx9Le9F1hyzurZpkEyjkGa9dUGhQow4C1NmeGvqxN2w==",
			"cpu": [
				"ia32"
			],
			"dev": true,
			"license": "MIT",
			"optional": true,
			"os": [
				"linux"
			],
			"engines": {
				"node": ">=18"
			}
		},
		"node_modules/@esbuild/linux-loong64": {
			"version": "0.28.1",
			"resolved": "https://registry.npmjs.org/@esbuild/linux-loong64/-/linux-loong64-0.28.1.tgz",
			"integrity": "sha512-M5sRjUVZrkm1OAPR3dlOYzNmN+loZKGVi1VUQGrwuqLcbR6qeAz+famMhjASeH3YVKvZz+zT1jlh/keC3Rj/lg==",
			"cpu": [
				"loong64"
			],
			"dev": true,
			"license": "MIT",
			"optional": true,
			"os": [
				"linux"
			],
			"engines": {
				"node": ">=18"
			}
		},
		"node_modules/@esbuild/linux-mips64el": {
			"version": "0.28.1",
			"resolved": "https://registry.npmjs.org/@esbuild/linux-mips64el/-/linux-mips64el-0.28.1.tgz",
			"integrity": "sha512-mRObBZeHh2OxcBFPWE/FjylkRgZdYuiTR3vaTozquCGOH14iP9oN4x4Ge81CoIDYQrXmIxpFumJBu5MtZpnQJQ==",
			"cpu": [
				"mips64el"
			],
			"dev": true,
			"license": "MIT",
			"optional": true,
			"os": [
				"linux"
			],
			"engines": {
				"node": ">=18"
			}
		},
		"node_modules/@esbuild/linux-ppc64": {
			"version": "0.28.1",
			"resolved": "https://registry.npmjs.org/@esbuild/linux-ppc64/-/linux-ppc64-0.28.1.tgz",
			"integrity": "sha512-slScBsMAb3GFDcdrCgLwZtPYRoH2H/youv10QiZyRjmsP48fznoveWytSgCI/R0ZcUgpc0ZhIUEx6LHts8yrfQ==",
			"cpu": [
				"ppc64"
			],
			"dev": true,
			"license": "MIT",
			"optional": true,
			"os": [
				"linux"
			],
			"engines": {
				"node": ">=18"
			}
		},
		"node_modules/@esbuild/linux-riscv64": {
			"version": "0.28.1",
			"resolved": "https://registry.npmjs.org/@esbuild/linux-riscv64/-/linux-riscv64-0.28.1.tgz",
			"integrity": "sha512-kw0owk1o0GFETUJyW0jc0G4Yzs0BHZn0JDZ8JRT088vjJYX777BAs1fDGxAC+q831qOs2DTC96mNsG2opdfyyQ==",
			"cpu": [
				"riscv64"
			],
			"dev": true,
			"license": "MIT",
			"optional": true,
			"os": [
				"linux"
			],
			"engines": {
				"node": ">=18"
			}
		},
		"node_modules/@esbuild/linux-s390x": {
			"version": "0.28.1",
			"resolved": "https://registry.npmjs.org/@esbuild/linux-s390x/-/linux-s390x-0.28.1.tgz",
			"integrity": "sha512-/lAIjX8aYFRByhh6L5rYtPEDRqa9de/4V/juOXcta5frjvzXO4/sqEtyytse0g3zZFuWu5cDN0MkLz2qRDD2Ag==",
			"cpu": [
				"s390x"
			],
			"dev": true,
			"license": "MIT",
			"optional": true,
			"os": [
				"linux"
			],
			"engines": {
				"node": ">=18"
			}
		},
		"node_modules/@esbuild/linux-x64": {
			"version": "0.28.1",
			"resolved": "https://registry.npmjs.org/@esbuild/linux-x64/-/linux-x64-0.28.1.tgz",
			"integrity": "sha512-u/anNYF2mmVOEDwLtnQ1wOr3EZ9sTNGLWrsYGYwHWzGA3Si84IOkHXlbWTD1NB+9/1lcnweYKO54uhxZydNzfA==",
			"cpu": [
				"x64"
			],
			"dev": true,
			"license": "MIT",
			"optional": true,
			"os": [
				"linux"
			],
			"engines": {
				"node": ">=18"
			}
		},
		"node_modules/@esbuild/netbsd-arm64": {
			"version": "0.28.1",
			"resolved": "https://registry.npmjs.org/@esbuild/netbsd-arm64/-/netbsd-arm64-0.28.1.tgz",
			"integrity": "sha512-oks0DYbLwWMmaakTsCb+zL4E+aHRVLom9IJZOAthMQEPiQmydXHkziYEsGYRx0uNV/IjEKGAV941JzH02pflqw==",
			"cpu": [
				"arm64"
			],
			"dev": true,
			"license": "MIT",
			"optional": true,
			"os": [
				"netbsd"
			],
			"engines": {
				"node": ">=18"
			}
		},
		"node_modules/@esbuild/netbsd-x64": {
			"version": "0.28.1",
			"resolved": "https://registry.npmjs.org/@esbuild/netbsd-x64/-/netbsd-x64-0.28.1.tgz",
			"integrity": "sha512-aeL6lAnN89Hz43Mlh1G8ARasbuoYvSITDEx0tHh5b7jJnHcssqgjy9Yx430GDpmCa6OyrKoS0aNRjKundRizGg==",
			"cpu": [
				"x64"
			],
			"dev": true,
			"license": "MIT",
			"optional": true,
			"os": [
				"netbsd"
			],
			"engines": {
				"node": ">=18"
			}
		},
		"node_modules/@esbuild/openbsd-arm64": {
			"version": "0.28.1",
			"resolved": "https://registry.npmjs.org/@esbuild/openbsd-arm64/-/openbsd-arm64-0.28.1.tgz",
			"integrity": "sha512-MEFJe5C3R8pwXdZ5Y21oo6m7ePiS0d9pWucn99O/wvyJZChoIQKrQDxKrGeW8F5+T0okTHesAmDeiHDTIq0V/Q==",
			"cpu": [
				"arm64"
			],
			"dev": true,
			"license": "MIT",
			"optional": true,
			"os": [
				"openbsd"
			],
			"engines": {
				"node": ">=18"
			}
		},
		"node_modules/@esbuild/openbsd-x64": {
			"version": "0.28.1",
			"resolved": "https://registry.npmjs.org/@esbuild/openbsd-x64/-/openbsd-x64-0.28.1.tgz",
			"integrity": "sha512-i/ZLIOafE0Z8cI/XANJAixoJL/uRAoS2xOA3rb0xN+KK0K177cMAsQYkzHtBrtMXAKuAc7HGgcWiZ/sRC1Nxgw==",
			"cpu": [
				"x64"
			],
			"dev": true,
			"license": "MIT",
			"optional": true,
			"os": [
				"openbsd"
			],
			"engines": {
				"node": ">=18"
			}
		},
		"node_modules/@esbuild/openharmony-arm64": {
			"version": "0.28.1",
			"resolved": "https://registry.npmjs.org/@esbuild/openharmony-arm64/-/openharmony-arm64-0.28.1.tgz",
			"integrity": "sha512-ge+Z7EXFNt2BO1oAMsVpiQ8EwndV9i1xXerAeTIK7AtPs3bKFXQM7nlRxDSIUIMeueR1CNXxqztLzdNeReKBJg==",
			"cpu": [
				"arm64"
			],
			"dev": true,
			"license": "MIT",
			"optional": true,
			"os": [
				"openharmony"
			],
			"engines": {
				"node": ">=18"
			}
		},
		"node_modules/@esbuild/sunos-x64": {
			"version": "0.28.1",
			"resolved": "https://registry.npmjs.org/@esbuild/sunos-x64/-/sunos-x64-0.28.1.tgz",
			"integrity": "sha512-BEjgtECkL3vY+SaSQ6nzVfiALUeFxpawyp8Jmf5PtYhf1Ug40N1h/hxlhts+f1FvSvarEigdxS3BlSMI2PJLcQ==",
			"cpu": [
				"x64"
			],
			"dev": true,
			"license": "MIT",
			"optional": true,
			"os": [
				"sunos"
			],
			"engines": {
				"node": ">=18"
			}
		},
		"node_modules/@esbuild/win32-arm64": {
			"version": "0.28.1",
			"resolved": "https://registry.npmjs.org/@esbuild/win32-arm64/-/win32-arm64-0.28.1.tgz",
			"integrity": "sha512-lCv9eK/H6ZJWbE7bh2nw54CZ9M2nupBxJcTsdk/QQnWkdSjKGuxmmH8/GWrlT1eMmZfn4dGcCjRte397WqfQXA==",
			"cpu": [
				"arm64"
			],
			"dev": true,
			"license": "MIT",
			"optional": true,
			"os": [
				"win32"
			],
			"engines": {
				"node": ">=18"
			}
		},
		"node_modules/@esbuild/win32-ia32": {
			"version": "0.28.1",
			"resolved": "https://registry.npmjs.org/@esbuild/win32-ia32/-/win32-ia32-0.28.1.tgz",
			"integrity": "sha512-zvb/mB2bSCoJOpoCBgYKKpX6YM6mJBlBUVUtVj41DlZJVEB6/0CKlRYxP5wWl1C1ILiCoAU5wZZ4q1P3qeS6Eg==",
			"cpu": [
				"ia32"
			],
			"dev": true,
			"license": "MIT",
			"optional": true,
			"os": [
				"win32"
			],
			"engines": {
				"node": ">=18"
			}
		},
		"node_modules/@esbuild/win32-x64": {
			"version": "0.28.1",
			"resolved": "https://registry.npmjs.org/@esbuild/win32-x64/-/win32-x64-0.28.1.tgz",
			"integrity": "sha512-bm4Mowrv+GXMlpWX++EcXw/iLyd1o3+bJkC2DkWXYVvgZCqD/bSj9ctZeAMC3cIxgjRVR2Dufaiu4YPxr5gW1A==",
			"cpu": [
				"x64"
			],
			"dev": true,
			"license": "MIT",
			"optional": true,
			"os": [
				"win32"
			],
			"engines": {
				"node": ">=18"
			}
		},
		"node_modules/astn": {
			"version": "0.113.85",
			"resolved": "https://registry.npmjs.org/astn/-/astn-0.113.85.tgz",
			"integrity": "sha512-pzQJgttzuqQLo4YP3JL/Nnid5PSX7tYajN0B191o4CxQjlrRUMsFj3d5kbO+OYFo0jmZZN2m26v4r9l0WWc8pw==",
			"license": "Apache-2.0",
			"dependencies": {
				"astn-core": "^0.5.0",
				"liana-core": "^0.1.0",
				"pareto-common": "^0.1.0",
				"pareto-fountain-pen": "^0.4.0",
				"pareto-json": "^0.3.0",
				"pareto-resources": "^0.2.0",
				"pareto-stream": "^0.1.0"
			},
			"engines": {
				"node": ">=14.0.0"
			}
		},
		"node_modules/astn-core": {
			"version": "0.5.111",
			"resolved": "https://registry.npmjs.org/astn-core/-/astn-core-0.5.111.tgz",
			"integrity": "sha512-gRKMncqQFyAsbUJeM3ljNuv1d4zpftidmpe5HdkS6fJk0uYB5PUObFsEFQtQpqU3+KpPlx+k9giMmmKEm5NU5A==",
			"license": "Apache-2.0",
			"dependencies": {
				"pareto-fountain-pen": "^0.4.0"
			}
		},
		"node_modules/esbuild": {
			"version": "0.28.1",
			"resolved": "https://registry.npmjs.org/esbuild/-/esbuild-0.28.1.tgz",
			"integrity": "sha512-HrJrvZv5ayxBzPfwphOoNzkzOIIlifzk0KJrGK2c8R4+LKpMtpYLQeUdjnwjWv/LZlkH2laZk+4w78pi99D4Vw==",
			"dev": true,
			"hasInstallScript": true,
			"license": "MIT",
			"bin": {
				"esbuild": "bin/esbuild"
			},
			"engines": {
				"node": ">=18"
			},
			"optionalDependencies": {
				"@esbuild/aix-ppc64": "0.28.1",
				"@esbuild/android-arm": "0.28.1",
				"@esbuild/android-arm64": "0.28.1",
				"@esbuild/android-x64": "0.28.1",
				"@esbuild/darwin-arm64": "0.28.1",
				"@esbuild/darwin-x64": "0.28.1",
				"@esbuild/freebsd-arm64": "0.28.1",
				"@esbuild/freebsd-x64": "0.28.1",
				"@esbuild/linux-arm": "0.28.1",
				"@esbuild/linux-arm64": "0.28.1",
				"@esbuild/linux-ia32": "0.28.1",
				"@esbuild/linux-loong64": "0.28.1",
				"@esbuild/linux-mips64el": "0.28.1",
				"@esbuild/linux-ppc64": "0.28.1",
				"@esbuild/linux-riscv64": "0.28.1",
				"@esbuild/linux-s390x": "0.28.1",
				"@esbuild/linux-x64": "0.28.1",
				"@esbuild/netbsd-arm64": "0.28.1",
				"@esbuild/netbsd-x64": "0.28.1",
				"@esbuild/openbsd-arm64": "0.28.1",
				"@esbuild/openbsd-x64": "0.28.1",
				"@esbuild/openharmony-arm64": "0.28.1",
				"@esbuild/sunos-x64": "0.28.1",
				"@esbuild/win32-arm64": "0.28.1",
				"@esbuild/win32-ia32": "0.28.1",
				"@esbuild/win32-x64": "0.28.1"
			}
		},
		"node_modules/liana-authoring": {
			"version": "0.1.68",
			"resolved": "https://registry.npmjs.org/liana-authoring/-/liana-authoring-0.1.68.tgz",
			"integrity": "sha512-bMxU6MLcK1S+9rBufXWWfeVmx2wD50cljxuVdtykZjA68+iYww1u5z2E/03t9q/Nwq8UlHX9mPcV5glNkYuHEA==",
			"license": "Apache-2.0",
			"dependencies": {
				"astn": "^0.113.0",
				"pareto-common": "^0.1.0",
				"pareto-core-dev": "^0.12.0",
				"pareto-liana": "^0.1.0",
				"pareto-stream": "^0.1.0"
			},
			"engines": {
				"node": ">=14.0.0"
			}
		},
		"node_modules/liana-core": {
			"version": "0.1.28",
			"resolved": "https://registry.npmjs.org/liana-core/-/liana-core-0.1.28.tgz",
			"integrity": "sha512-dSLDadCBpuq7W1D2Vn1YTbIVrztE7Iuijq0tN+n8H8h2gSOYyXuHw5n1JlTRpvaOZgm33NhoQWwOLNlzZ85yCA==",
			"license": "Apache-2.0",
			"dependencies": {
				"astn-core": "^0.5.0",
				"pareto-core": "^0.1.0"
			}
		},
		"node_modules/pareto": {
			"version": "0.80.46",
			"resolved": "https://registry.npmjs.org/pareto/-/pareto-0.80.46.tgz",
			"integrity": "sha512-ufNuG+NOMGFk1FlKYxnca1cQguIiqREAdrAGJkj5M0LKpvGr5bnfvZH0kNWeJqA8l296BR+6lJh0VVO+PRi18A==",
			"license": "Apache-2.0",
			"dependencies": {
				"liana-core": "^0.1.0",
				"pareto-core-dev": "^0.12.0",
				"pareto-fountain-pen": "^0.4.0",
				"pareto-fountain-pen-file-structure": "^0.1.0"
			}
		},
		"node_modules/pareto-common": {
			"version": "0.1.8",
			"resolved": "https://registry.npmjs.org/pareto-common/-/pareto-common-0.1.8.tgz",
			"integrity": "sha512-MI/B52YgpfuXLo9XfZYhaZT/8ynJGN3Q7EXsfVcUVKNgx7Wn3AGVMB8tY8I1rm6rFHwpL/klLPez4S15kbHjXA==",
			"license": "Apache-2.0",
			"dependencies": {
				"pareto-fountain-pen": "^0.4.0",
				"pareto-resources": "^0.2.0",
				"pareto-stream": "^0.1.0"
			},
			"engines": {
				"node": ">=14.0.0"
			}
		},
		"node_modules/pareto-core": {
			"version": "0.1.170",
			"resolved": "https://registry.npmjs.org/pareto-core/-/pareto-core-0.1.170.tgz",
			"integrity": "sha512-jhVUCDKVm5aCNPHLmnrCRbsDMK35+YWcMf+dt8UR4OXuJNX6ClIR1c4Nf0K/+3DOqoDyTLRLnSvX4RBK02WQww==",
			"license": "Apache-2.0"
		},
		"node_modules/pareto-core-dev": {
			"version": "0.12.18",
			"resolved": "https://registry.npmjs.org/pareto-core-dev/-/pareto-core-dev-0.12.18.tgz",
			"integrity": "sha512-xUmvBp1rkkNF6pB5nlK948zbrs+U9VysUEu1rTwR5qVD+MescQCcv2cPjp61P/CiJNHa5crXToSu5+tsBPfvqA==",
			"license": "Apache-2.0",
			"dependencies": {
				"pareto-core": "^0.1.0"
			}
		},
		"node_modules/pareto-core-shorthands": {
			"version": "0.2.45",
			"resolved": "https://registry.npmjs.org/pareto-core-shorthands/-/pareto-core-shorthands-0.2.45.tgz",
			"integrity": "sha512-4oqLXJs5pnCu1tYqclTMu06cWNyxRjLgBPQTuKPKUZ+rJVNfqahdLBIb9klFtnn2Yq/5ItSYHf8QhwZPOg1jrg==",
			"license": "Apache-2.0",
			"dependencies": {
				"liana-core": "^0.1.0",
				"pareto-core": "^0.1.0"
			}
		},
		"node_modules/pareto-fountain-pen": {
			"version": "0.4.66",
			"resolved": "https://registry.npmjs.org/pareto-fountain-pen/-/pareto-fountain-pen-0.4.66.tgz",
			"integrity": "sha512-e7VCCZ7PBmwgXBoxe48LK6tHPsTuWLAkRa0xeDetB0yQbK5Pp3VTtRehW/qvK9zxP/HJA1pQvdbssYP8PtxxWQ==",
			"license": "Apache-2.0",
			"dependencies": {
				"pareto-core": "^0.1.0",
				"pareto-core-shorthands": "^0.2.0"
			},
			"engines": {
				"node": ">=14.0.0"
			}
		},
		"node_modules/pareto-fountain-pen-file-structure": {
			"version": "0.1.25",
			"resolved": "https://registry.npmjs.org/pareto-fountain-pen-file-structure/-/pareto-fountain-pen-file-structure-0.1.25.tgz",
			"integrity": "sha512-aKLla7xWdh4g6O47KIOieGqasL5SybYESngi1xkGJktzyll6N+T3jTMPNRWYan1dcdH0mr++BI49FUD/H9xP1A==",
			"license": "Apache-2.0",
			"dependencies": {
				"pareto-resources": "^0.2.0"
			},
			"engines": {
				"node": ">=14.0.0"
			}
		},
		"node_modules/pareto-host-nodejs": {
			"version": "0.2.75",
			"resolved": "https://registry.npmjs.org/pareto-host-nodejs/-/pareto-host-nodejs-0.2.75.tgz",
			"integrity": "sha512-lo/CwFuNbQ9fBM389gSAsnn5ser5h/jwmjKcHw5Xf5KtooLe+X67XVvcAk0s7VBFwgTo0bgTSyiBdaw5RzX5ww==",
			"license": "Apache-2.0",
			"dependencies": {
				"pareto-resources": "^0.2.0",
				"pareto-stream": "^0.1.0"
			}
		},
		"node_modules/pareto-json": {
			"version": "0.3.71",
			"resolved": "https://registry.npmjs.org/pareto-json/-/pareto-json-0.3.71.tgz",
			"integrity": "sha512-nJP3FAjMdbQmn818ZI+cWTQ6wq9+kJNh9bSpJzREn3bZMgf12iVzTJNv/dsxjeedV79eHiw9GwG38+9q3ZHYxw==",
			"license": "Apache-2.0",
			"dependencies": {
				"astn-core": "^0.5.0",
				"pareto-core-shorthands": "^0.2.0",
				"pareto-fountain-pen": "^0.4.0"
			},
			"engines": {
				"node": ">=14.0.0"
			}
		},
		"node_modules/pareto-liana": {
			"version": "0.1.57",
			"resolved": "https://registry.npmjs.org/pareto-liana/-/pareto-liana-0.1.57.tgz",
			"integrity": "sha512-1hjk+wtX7EEI38u0C3pW1Oj0l6h0Xrc+Dd2e2BU5CL/IHPo6yZnsBlYfqFuMyJdWrYpVAeaCLUXcvLDojT2/rQ==",
			"license": "Apache-2.0",
			"dependencies": {
				"astn-core": "^0.5.0",
				"liana-core": "^0.1.0",
				"pareto": "^0.80.0",
				"pareto-core-dev": "^0.12.0",
				"pareto-core-shorthands": "^0.2.0",
				"pareto-fountain-pen": "^0.4.0",
				"pareto-fountain-pen-file-structure": "^0.1.0",
				"pareto-resources": "^0.2.0",
				"pareto-stream": "^0.1.0"
			}
		},
		"node_modules/pareto-resources": {
			"version": "0.2.114",
			"resolved": "https://registry.npmjs.org/pareto-resources/-/pareto-resources-0.2.114.tgz",
			"integrity": "sha512-QfQ3iwbRv6SQJHvWqBGepDrgWwJNdNSBM5FoZidEnzMpaf6HGm/NxYU1O71x1F7/waoBcuqGKSILeU47Ne/6kQ==",
			"license": "Apache-2.0",
			"dependencies": {
				"liana-core": "^0.1.0",
				"pareto-core": "^0.1.0",
				"pareto-core-dev": "^0.12.0",
				"pareto-fountain-pen": "^0.4.0"
			}
		},
		"node_modules/pareto-stream": {
			"version": "0.1.12",
			"resolved": "https://registry.npmjs.org/pareto-stream/-/pareto-stream-0.1.12.tgz",
			"integrity": "sha512-Jx6k4pk0rTTmiHRwArsDUNlPuuRE1TSHpINVtHQLOQU8FtJe932/I15W3cuMKjvGBP/ozRQjyKvOPuEydYpUVA==",
			"license": "Apache-2.0",
			"dependencies": {
				"liana-core": "^0.1.0",
				"pareto-core-dev": "^0.12.0",
				"pareto-fountain-pen": "^0.4.0"
			}
		},
		"node_modules/typescript": {
			"version": "6.0.3",
			"resolved": "https://registry.npmjs.org/typescript/-/typescript-6.0.3.tgz",
			"integrity": "sha512-y2TvuxSZPDyQakkFRPZHKFm+KKVqIisdg9/CZwm9ftvKXLP8NRWj38/ODjNbr43SsoXqNuAisEf1GdCxqWcdBw==",
			"license": "Apache-2.0",
			"bin": {
				"tsc": "bin/tsc",
				"tsserver": "bin/tsserver"
			},
			"engines": {
				"node": ">=14.17"
			}
		}
	}
}
